
Microsoft Visual Studio Solution File, Format Version 12.00
# Visual Studio Version 17
VisualStudioVersion = 17.10.34928.147
MinimumVisualStudioVersion = 10.0.40219.1
Project("{FAE04EC0-301F-11D3-BF4B-00C04F79EFBC}") = "AppFormPipeBits", "AppFormPipeBits\AppFormPipeBits.csproj", "{530D844C-BB6B-49F0-AF0D-2782D6360651}"
EndProject
Global
	GlobalSection(SolutionConfigurationPlatforms) = preSolution
		Debug|Any CPU = Debug|Any CPU
		Release|Any CPU = Release|Any CPU
	EndGlobalSection
	GlobalSection(ProjectConfigurationPlatforms) = postSolution
		{530D844C-BB6B-49F0-AF0D-2782D6360651}.Debug|Any CPU.ActiveCfg = Debug|Any CPU
		{530D844C-BB6B-49F0-AF0D-2782D6360651}.Debug|Any CPU.Build.0 = Debug|Any CPU
		{530D844C-BB6B-49F0-AF0D-2782D6360651}.Release|Any CPU.ActiveCfg = Release|Any CPU
		{530D844C-BB6B-49F0-AF0D-2782D6360651}.Release|Any CPU.Build.0 = Release|Any CPU
	EndGlobalSection
	GlobalSection(SolutionProperties) = preSolution
		HideSolutionNode = FALSE
	EndGlobalSection
	GlobalSection(ExtensibilityGlobals) = postSolution
		SolutionGuid = {14EE38AD-E024-4744-9347-CC1E2BE2DB0C}
	EndGlobalSection
EndGlobal
